Microsoft Visual Studio Solution File, Format Version 12.00
# Visual Studio Version 17
VisualStudioVersion = 17.5.2.0
MinimumVisualStudioVersion = 10.0.40219.1
Project("{FAE04EC0-301F-11D3-BF4B-00C04F79EFBC}") = "my-dotnet-container-app", "web\my-dotnet-container-app.csproj", "{B22423B5-90AF-4AA2-DD55-B7B59AFA007F}"
EndProject
Global
	GlobalSection(SolutionConfigurationPlatforms) = preSolution
		Debug|Any CPU = Debug|Any CPU
		Release|Any CPU = Release|Any CPU
	EndGlobalSection
	GlobalSection(ProjectConfigurationPlatforms) = postSolution
		{B22423B5-90AF-4AA2-DD55-B7B59AFA007F}.Debug|Any CPU.ActiveCfg = Debug|Any CPU
		{B22423B5-90AF-4AA2-DD55-B7B59AFA007F}.Debug|Any CPU.Build.0 = Debug|Any CPU
		{B22423B5-90AF-4AA2-DD55-B7B59AFA007F}.Release|Any CPU.ActiveCfg = Release|Any CPU
		{B22423B5-90AF-4AA2-DD55-B7B59AFA007F}.Release|Any CPU.Build.0 = Release|Any CPU
	EndGlobalSection
	GlobalSection(SolutionProperties) = preSolution
		HideSolutionNode = FALSE
	EndGlobalSection
	GlobalSection(ExtensibilityGlobals) = postSolution
		SolutionGuid = {7AFB0C8B-D12C-4117-846D-66D59CE80265}
	EndGlobalSection
EndGlobal
